
Microsoft Visual Studio Solution File, Format Version 12.00
# Visual Studio 15
VisualStudioVersion = 15.0.27004.2006
MinimumVisualStudioVersion = 10.0.40219.1
Project("{FAE04EC0-301F-11D3-BF4B-00C04F79EFBC}") = "Colours", "Colours\Colours.csproj", "{E21B6BE8-2E3F-4935-83F2-323B133585E0}"
EndProject
Project("{2150E333-8FDC-42A3-9474-1A3956D46DE8}") = "Solution Items", "Solution Items", "{7123FEB8-E81D-4AB8-B4B1-0285CF520997}"
	ProjectSection(SolutionItems) = preProject
		.gitignore = .gitignore
		Icon.afdesign = Icon.afdesign
		LICENSE = LICENSE
		README.md = README.md
	EndProjectSection
EndProject
Global
	GlobalSection(SolutionConfigurationPlatforms) = preSolution
		Debug|ARM = Debug|ARM
		Debug|x64 = Debug|x64
		Debug|x86 = Debug|x86
		Release|ARM = Release|ARM
		Release|x64 = Release|x64
		Release|x86 = Release|x86
	EndGlobalSection
	GlobalSection(ProjectConfigurationPlatforms) = postSolution
		{E21B6BE8-2E3F-4935-83F2-323B133585E0}.Debug|ARM.ActiveCfg = Debug|ARM
		{E21B6BE8-2E3F-4935-83F2-323B133585E0}.Debug|ARM.Build.0 = Debug|ARM
		{E21B6BE8-2E3F-4935-83F2-323B133585E0}.Debug|ARM.Deploy.0 = Debug|ARM
		{E21B6BE8-2E3F-4935-83F2-323B133585E0}.Debug|x64.ActiveCfg = Debug|x64
		{E21B6BE8-2E3F-4935-83F2-323B133585E0}.Debug|x64.Build.0 = Debug|x64
		{E21B6BE8-2E3F-4935-83F2-323B133585E0}.Debug|x64.Deploy.0 = Debug|x64
		{E21B6BE8-2E3F-4935-83F2-323B133585E0}.Debug|x86.ActiveCfg = Debug|x86
		{E21B6BE8-2E3F-4935-83F2-323B133585E0}.Debug|x86.Build.0 = Debug|x86
		{E21B6BE8-2E3F-4935-83F2-323B133585E0}.Debug|x86.Deploy.0 = Debug|x86
		{E21B6BE8-2E3F-4935-83F2-323B133585E0}.Release|ARM.ActiveCfg = Release|ARM
		{E21B6BE8-2E3F-4935-83F2-323B133585E0}.Release|ARM.Build.0 = Release|ARM
		{E21B6BE8-2E3F-4935-83F2-323B133585E0}.Release|ARM.Deploy.0 = Release|ARM
		{E21B6BE8-2E3F-4935-83F2-323B133585E0}.Release|x64.ActiveCfg = Release|x64
		{E21B6BE8-2E3F-4935-83F2-323B133585E0}.Release|x64.Build.0 = Release|x64
		{E21B6BE8-2E3F-4935-83F2-323B133585E0}.Release|x64.Deploy.0 = Release|x64
		{E21B6BE8-2E3F-4935-83F2-323B133585E0}.Release|x86.ActiveCfg = Release|x86
		{E21B6BE8-2E3F-4935-83F2-323B133585E0}.Release|x86.Build.0 = Release|x86
		{E21B6BE8-2E3F-4935-83F2-323B133585E0}.Release|x86.Deploy.0 = Release|x86
	EndGlobalSection
	GlobalSection(SolutionProperties) = preSolution
		HideSolutionNode = FALSE
	EndGlobalSection
	GlobalSection(ExtensibilityGlobals) = postSolution
		SolutionGuid = {4EAEF34C-3ABA-4E13-9A41-0F1513A05F1C}
	EndGlobalSection
EndGlobal
